
Microsoft Visual Studio Solution File, Format Version 12.00
# Visual Studio Version 16
VisualStudioVersion = 16.0.30503.244
MinimumVisualStudioVersion = 10.0.40219.1
Project("{FAE04EC0-301F-11D3-BF4B-00C04F79EFBC}") = "PSIShoppingEngine", "PSIShoppingEngine.csproj", "{98A34838-7E8B-4AA6-8791-D61E872A0282}"
EndProject
Global
	GlobalSection(SolutionConfigurationPlatforms) = preSolution
		Debug|Any CPU = Debug|Any CPU
		Release|Any CPU = Release|Any CPU
	EndGlobalSection
	GlobalSection(ProjectConfigurationPlatforms) = postSolution
		{98A34838-7E8B-4AA6-8791-D61E872A0282}.Debug|Any CPU.ActiveCfg = Debug|Any CPU
		{98A34838-7E8B-4AA6-8791-D61E872A0282}.Debug|Any CPU.Build.0 = Debug|Any CPU
		{98A34838-7E8B-4AA6-8791-D61E872A0282}.Release|Any CPU.ActiveCfg = Release|Any CPU
		{98A34838-7E8B-4AA6-8791-D61E872A0282}.Release|Any CPU.Build.0 = Release|Any CPU
	EndGlobalSection
	GlobalSection(SolutionProperties) = preSolution
		HideSolutionNode = FALSE
	EndGlobalSection
	GlobalSection(ExtensibilityGlobals) = postSolution
		SolutionGuid = {9D1321A0-670D-4CDE-BD6B-9334BAF36AEB}
	EndGlobalSection
EndGlobal
